
Microsoft Visual Studio Solution File, Format Version 12.00
# Visual Studio Version 17
VisualStudioVersion = 17.7.34009.444
MinimumVisualStudioVersion = 10.0.40219.1
Project("{FAE04EC0-301F-11D3-BF4B-00C04F79EFBC}") = "Перепёлкин", "Перепёлкин.csproj", "{BB756446-5AAA-49B5-BED8-E3521E884F76}"
EndProject
Global
	GlobalSection(SolutionConfigurationPlatforms) = preSolution
		Debug|Any CPU = Debug|Any CPU
		Release|Any CPU = Release|Any CPU
	EndGlobalSection
	GlobalSection(ProjectConfigurationPlatforms) = postSolution
		{BB756446-5AAA-49B5-BED8-E3521E884F76}.Debug|Any CPU.ActiveCfg = Debug|Any CPU
		{BB756446-5AAA-49B5-BED8-E3521E884F76}.Debug|Any CPU.Build.0 = Debug|Any CPU
		{BB756446-5AAA-49B5-BED8-E3521E884F76}.Release|Any CPU.ActiveCfg = Release|Any CPU
		{BB756446-5AAA-49B5-BED8-E3521E884F76}.Release|Any CPU.Build.0 = Release|Any CPU
	EndGlobalSection
	GlobalSection(SolutionProperties) = preSolution
		HideSolutionNode = FALSE
	EndGlobalSection
	GlobalSection(ExtensibilityGlobals) = postSolution
		SolutionGuid = {1AC27401-0159-481B-B060-286BE783C9F1}
	EndGlobalSection
EndGlobal
